
Microsoft Visual Studio Solution File, Format Version 12.00
# Visual Studio 15
VisualStudioVersion = 15.0.33026.149
MinimumVisualStudioVersion = 10.0.40219.1
Project("{FAE04EC0-301F-11D3-BF4B-00C04F79EFBC}") = "Persons", "Persons\Persons.csproj", "{7A248A93-675E-4FF6-98A0-A2305AD68391}"
EndProject
Global
	GlobalSection(SolutionConfigurationPlatforms) = preSolution
		Debug|Any CPU = Debug|Any CPU
		Release|Any CPU = Release|Any CPU
	EndGlobalSection
	GlobalSection(ProjectConfigurationPlatforms) = postSolution
		{7A248A93-675E-4FF6-98A0-A2305AD68391}.Debug|Any CPU.ActiveCfg = Debug|Any CPU
		{7A248A93-675E-4FF6-98A0-A2305AD68391}.Debug|Any CPU.Build.0 = Debug|Any CPU
		{7A248A93-675E-4FF6-98A0-A2305AD68391}.Release|Any CPU.ActiveCfg = Release|Any CPU
		{7A248A93-675E-4FF6-98A0-A2305AD68391}.Release|Any CPU.Build.0 = Release|Any CPU
	EndGlobalSection
	GlobalSection(SolutionProperties) = preSolution
		HideSolutionNode = FALSE
	EndGlobalSection
	GlobalSection(ExtensibilityGlobals) = postSolution
		SolutionGuid = {CD0DF5E5-7192-429E-8EB0-460E975AFEB9}
	EndGlobalSection
EndGlobal
